// !$*UTF8*$!
{
	archiveVersion = 1;
	classes = {
	};
	objectVersion = 56;
	objects = {

/* Begin PBXBuildFile section */
		B80000001234567800000001 /* FreeriverFlowApp.swift in Sources */ = {isa = PBXBuildFile; fileRef = B80000011234567800000001 /* FreeriverFlowApp.swift */; };
		B80000021234567800000002 /* ContentView.swift in Sources */ = {isa = PBXBuildFile; fileRef = B80000031234567800000002 /* ContentView.swift */; };
		B80000041234567800000003 /* Assets.xcassets in Resources */ = {isa = PBXBuildFile; fileRef = B80000051234567800000003 /* Assets.xcassets */; };
		B80000061234567800000004 /* AudioRecorder.swift in Sources */ = {isa = PBXBuildFile; fileRef = B80000071234567800000004 /* AudioRecorder.swift */; };
		B80000081234567800000005 /* SpeechRecognizer.swift in Sources */ = {isa = PBXBuildFile; fileRef = B80000091234567800000005 /* SpeechRecognizer.swift */; };
		B800000A1234567800000006 /* ClaudeAPIService.swift in Sources */ = {isa = PBXBuildFile; fileRef = B800000B1234567800000006 /* ClaudeAPIService.swift */; };
		B800000C1234567800000007 /* TextToSpeech.swift in Sources */ = {isa = PBXBuildFile; fileRef = B800000D1234567800000007 /* TextToSpeech.swift */; };
		B800000E1234567800000008 /* VoiceAssistantViewModel.swift in Sources */ = {isa = PBXBuildFile; fileRef = B800000F1234567800000008 /* VoiceAssistantViewModel.swift */; };
		B80000101234567800000009 /* Message.swift in Sources */ = {isa = PBXBuildFile; fileRef = B80000111234567800000009 /* Message.swift */; };
/* End PBXBuildFile section */

/* Begin PBXFileReference section */
		B80000121234567800000010 /* FreeriverFlow.app */ = {isa = PBXFileReference; explicitFileType = wrapper.application; includeInIndex = 0; path = FreeriverFlow.app; sourceTree = BUILT_PRODUCTS_DIR; };
		B80000011234567800000001 /* FreeriverFlowApp.swift */ = {isa = PBXFileReference; lastKnownFileType = sourcecode.swift; path = FreeriverFlowApp.swift; sourceTree = "<group>"; };
		B80000031234567800000002 /* ContentView.swift */ = {isa = PBXFileReference; lastKnownFileType = sourcecode.swift; path = ContentView.swift; sourceTree = "<group>"; };
		B80000051234567800000003 /* Assets.xcassets */ = {isa = PBXFileReference; lastKnownFileType = folder.assetcatalog; path = Assets.xcassets; sourceTree = "<group>"; };
		B80000071234567800000004 /* AudioRecorder.swift */ = {isa = PBXFileReference; lastKnownFileType = sourcecode.swift; path = AudioRecorder.swift; sourceTree = "<group>"; };
		B80000091234567800000005 /* SpeechRecognizer.swift */ = {isa = PBXFileReference; lastKnownFileType = sourcecode.swift; path = SpeechRecognizer.swift; sourceTree = "<group>"; };
		B800000B1234567800000006 /* ClaudeAPIService.swift */ = {isa = PBXFileReference; lastKnownFileType = sourcecode.swift; path = ClaudeAPIService.swift; sourceTree = "<group>"; };
		B800000D1234567800000007 /* TextToSpeech.swift */ = {isa = PBXFileReference; lastKnownFileType = sourcecode.swift; path = TextToSpeech.swift; sourceTree = "<group>"; };
		B800000F1234567800000008 /* VoiceAssistantViewModel.swift */ = {isa = PBXFileReference; lastKnownFileType = sourcecode.swift; path = VoiceAssistantViewModel.swift; sourceTree = "<group>"; };
		B80000111234567800000009 /* Message.swift */ = {isa = PBXFileReference; lastKnownFileType = sourcecode.swift; path = Message.swift; sourceTree = "<group>"; };
		B80000131234567800000011 /* Info.plist */ = {isa = PBXFileReference; lastKnownFileType = text.plist.xml; path = Info.plist; sourceTree = "<group>"; };
/* End PBXFileReference section */

/* Begin PBXFrameworksBuildPhase section */
		B80000141234567800000012 /* Frameworks */ = {
			isa = PBXFrameworksBuildPhase;
			buildActionMask = 2147483647;
			files = (
			);
			runOnlyForDeploymentPostprocessing = 0;
		};
/* End PBXFrameworksBuildPhase section */

/* Begin PBXGroup section */
		B80000151234567800000013 = {
			isa = PBXGroup;
			children = (
				B80000161234567800000014 /* FreeriverFlow */,
				B80000171234567800000015 /* Products */,
			);
			sourceTree = "<group>";
		};
		B80000171234567800000015 /* Products */ = {
			isa = PBXGroup;
			children = (
				B80000121234567800000010 /* FreeriverFlow.app */,
			);
			name = Products;
			sourceTree = "<group>";
		};
		B80000161234567800000014 /* FreeriverFlow */ = {
			isa = PBXGroup;
			children = (
				B80000011234567800000001 /* FreeriverFlowApp.swift */,
				B80000031234567800000002 /* ContentView.swift */,
				B80000181234567800000016 /* Services */,
				B80000191234567800000017 /* ViewModels */,
				B800001A1234567800000018 /* Models */,
				B80000051234567800000003 /* Assets.xcassets */,
				B80000131234567800000011 /* Info.plist */,
			);
			path = FreeriverFlow;
			sourceTree = "<group>";
		};
		B80000181234567800000016 /* Services */ = {
			isa = PBXGroup;
			children = (
				B80000071234567800000004 /* AudioRecorder.swift */,
				B80000091234567800000005 /* SpeechRecognizer.swift */,
				B800000B1234567800000006 /* ClaudeAPIService.swift */,
				B800000D1234567800000007 /* TextToSpeech.swift */,
			);
			path = Services;
			sourceTree = "<group>";
		};
		B80000191234567800000017 /* ViewModels */ = {
			isa = PBXGroup;
			children = (
				B800000F1234567800000008 /* VoiceAssistantViewModel.swift */,
			);
			path = ViewModels;
			sourceTree = "<group>";
		};
		B800001A1234567800000018 /* Models */ = {
			isa = PBXGroup;
			children = (
				B80000111234567800000009 /* Message.swift */,
			);
			path = Models;
			sourceTree = "<group>";
		};
/* End PBXGroup section */

/* Begin PBXNativeTarget section */
		B800001B1234567800000019 /* FreeriverFlow */ = {
			isa = PBXNativeTarget;
			buildConfigurationList = B800001C1234567800000020 /* Build configuration list for PBXNativeTarget "FreeriverFlow" */;
			buildPhases = (
				B800001D1234567800000021 /* Sources */,
				B80000141234567800000012 /* Frameworks */,
				B800001E1234567800000022 /* Resources */,
			);
			buildRules = (
			);
			dependencies = (
			);
			name = FreeriverFlow;
			productName = FreeriverFlow;
			productReference = B80000121234567800000010 /* FreeriverFlow.app */;
			productType = "com.apple.product-type.application";
		};
/* End PBXNativeTarget section */

/* Begin PBXProject section */
		B800001F1234567800000023 /* Project object */ = {
			isa = PBXProject;
			attributes = {
				BuildIndependentTargetsInParallel = 1;
				LastSwiftUpdateCheck = 1500;
				LastUpgradeCheck = 1500;
				TargetAttributes = {
					B800001B1234567800000019 = {
						CreatedOnToolsVersion = 15.0;
					};
				};
			};
			buildConfigurationList = B80000201234567800000024 /* Build configuration list for PBXProject "FreeriverFlow" */;
			compatibilityVersion = "Xcode 14.0";
			developmentRegion = en;
			hasScannedForEncodings = 0;
			knownRegions = (
				en,
				Base,
				it,
			);
			mainGroup = B80000151234567800000013;
			productRefGroup = B80000171234567800000015 /* Products */;
			projectDirPath = "";
			projectRoot = "";
			targets = (
				B800001B1234567800000019 /* FreeriverFlow */,
			);
		};
/* End PBXProject section */

/* Begin PBXResourcesBuildPhase section */
		B800001E1234567800000022 /* Resources */ = {
			isa = PBXResourcesBuildPhase;
			buildActionMask = 2147483647;
			files = (
				B80000041234567800000003 /* Assets.xcassets in Resources */,
			);
			runOnlyForDeploymentPostprocessing = 0;
		};
/* End PBXResourcesBuildPhase section */

/* Begin PBXSourcesBuildPhase section */
		B800001D1234567800000021 /* Sources */ = {
			isa = PBXSourcesBuildPhase;
			buildActionMask = 2147483647;
			files = (
				B80000001234567800000001 /* FreeriverFlowApp.swift in Sources */,
				B80000021234567800000002 /* ContentView.swift in Sources */,
				B80000061234567800000004 /* AudioRecorder.swift in Sources */,
				B80000081234567800000005 /* SpeechRecognizer.swift in Sources */,
				B800000A1234567800000006 /* ClaudeAPIService.swift in Sources */,
				B800000C1234567800000007 /* TextToSpeech.swift in Sources */,
				B800000E1234567800000008 /* VoiceAssistantViewModel.swift in Sources */,
				B80000101234567800000009 /* Message.swift in Sources */,
			);
			runOnlyForDeploymentPostprocessing = 0;
		};
/* End PBXSourcesBuildPhase section */

/* Begin XCBuildConfiguration section */
		B80000211234567800000025 /* Debug */ = {
			isa = XCBuildConfiguration;
			buildSettings = {
				ALWAYS_SEARCH_USER_PATHS = NO;
				ASSETCATALOG_COMPILER_GENERATE_SWIFT_ASSET_SYMBOL_EXTENSIONS = YES;
				CLANG_ANALYZER_NONNULL = YES;
				CLANG_ANALYZER_NUMBER_OBJECT_CONVERSION = YES_AGGRESSIVE;
				CLANG_CXX_LANGUAGE_STANDARD = "gnu++20";
				CLANG_ENABLE_MODULES = YES;
				CLANG_ENABLE_OBJC_ARC = YES;
				CLANG_ENABLE_OBJC_WEAK = YES;
				CLANG_WARN_BLOCK_CAPTURE_AUTORELEASING = YES;
				CLANG_WARN_BOOL_CONVERSION = YES;
				CLANG_WARN_COMMA = YES;
				CLANG_WARN_CONSTANT_CONVERSION = YES;
				CLANG_WARN_DEPRECATED_OBJC_IMPLEMENTATIONS = YES;
				CLANG_WARN_DIRECT_OBJC_ISA_USAGE = YES_ERROR;
				CLANG_WARN_DOCUMENTATION_COMMENTS = YES;
				CLANG_WARN_EMPTY_BODY = YES;
				CLANG_WARN_ENUM_CONVERSION = YES;
				CLANG_WARN_INFINITE_RECURSION = YES;
				CLANG_WARN_INT_CONVERSION = YES;
				CLANG_WARN_NON_LITERAL_NULL_CONVERSION = YES;
				CLANG_WARN_OBJC_IMPLICIT_RETAIN_SELF = YES;
				CLANG_WARN_OBJC_LITERAL_CONVERSION = YES;
				CLANG_WARN_OBJC_ROOT_CLASS = YES_ERROR;
				CLANG_WARN_QUOTED_INCLUDE_IN_FRAMEWORK_HEADER = YES;
				CLANG_WARN_RANGE_LOOP_ANALYSIS = YES;
				CLANG_WARN_STRICT_PROTOTYPES = YES;
				CLANG_WARN_SUSPICIOUS_MOVE = YES;
				CLANG_WARN_UNGUARDED_AVAILABILITY = YES_AGGRESSIVE;
				CLANG_WARN_UNREACHABLE_CODE = YES;
				CLANG_WARN__DUPLICATE_METHOD_MATCH = YES;
				COPY_PHASE_STRIP = NO;
				DEBUG_INFORMATION_FORMAT = dwarf;
				ENABLE_STRICT_OBJC_MSGSEND = YES;
				ENABLE_TESTABILITY = YES;
				ENABLE_USER_SCRIPT_SANDBOXING = YES;
				GCC_C_LANGUAGE_STANDARD = gnu17;
				GCC_DYNAMIC_NO_PIC = NO;
				GCC_NO_COMMON_BLOCKS = YES;
				GCC_OPTIMIZATION_LEVEL = 0;
				GCC_PREPROCESSOR_DEFINITIONS = (
					"DEBUG=1",
					"$(inherited)",
				);
				GCC_WARN_64_TO_32_BIT_CONVERSION = YES;
				GCC_WARN_ABOUT_RETURN_TYPE = YES_ERROR;
				GCC_WARN_UNDECLARED_SELECTOR = YES;
				GCC_WARN_UNINITIALIZED_AUTOS = YES_AGGRESSIVE;
				GCC_WARN_UNUSED_FUNCTION = YES;
				GCC_WARN_UNUSED_VARIABLE = YES;
				IPHONEOS_DEPLOYMENT_TARGET = 17.0;
				LOCALIZATION_PREFERS_STRING_CATALOGS = YES;
				MTL_ENABLE_DEBUG_INFO = INCLUDE_SOURCE;
				MTL_FAST_MATH = YES;
				ONLY_ACTIVE_ARCH = YES;
				SDKROOT = iphoneos;
				SWIFT_ACTIVE_COMPILATION_CONDITIONS = "DEBUG $(inherited)";
				SWIFT_OPTIMIZATION_LEVEL = "-Onone";
			};
			name = Debug;
		};
		B80000221234567800000026 /* Release */ = {
			isa = XCBuildConfiguration;
			buildSettings = {
				ALWAYS_SEARCH_USER_PATHS = NO;
				ASSETCATALOG_COMPILER_GENERATE_SWIFT_ASSET_SYMBOL_EXTENSIONS = YES;
				CLANG_ANALYZER_NONNULL = YES;
				CLANG_ANALYZER_NUMBER_OBJECT_CONVERSION = YES_AGGRESSIVE;
				CLANG_CXX_LANGUAGE_STANDARD = "gnu++20";
				CLANG_ENABLE_MODULES = YES;
				CLANG_ENABLE_OBJC_ARC = YES;
				CLANG_ENABLE_OBJC_WEAK = YES;
				CLANG_WARN_BLOCK_CAPTURE_AUTORELEASING = YES;
				CLANG_WARN_BOOL_CONVERSION = YES;
				CLANG_WARN_COMMA = YES;
				CLANG_WARN_CONSTANT_CONVERSION = YES;
				CLANG_WARN_DEPRECATED_OBJC_IMPLEMENTATIONS = YES;
				CLANG_WARN_DIRECT_OBJC_ISA_USAGE = YES_ERROR;
				CLANG_WARN_DOCUMENTATION_COMMENTS = YES;
				CLANG_WARN_EMPTY_BODY = YES;
				CLANG_WARN_ENUM_CONVERSION = YES;
				CLANG_WARN_INFINITE_RECURSION = YES;
				CLANG_WARN_INT_CONVERSION = YES;
				CLANG_WARN_NON_LITERAL_NULL_CONVERSION = YES;
				CLANG_WARN_OBJC_IMPLICIT_RETAIN_SELF = YES;
				CLANG_WARN_OBJC_LITERAL_CONVERSION = YES;
				CLANG_WARN_OBJC_ROOT_CLASS = YES_ERROR;
				CLANG_WARN_QUOTED_INCLUDE_IN_FRAMEWORK_HEADER = YES;
				CLANG_WARN_RANGE_LOOP_ANALYSIS = YES;
				CLANG_WARN_STRICT_PROTOTYPES = YES;
				CLANG_WARN_SUSPICIOUS_MOVE = YES;
				CLANG_WARN_UNGUARDED_AVAILABILITY = YES_AGGRESSIVE;
				CLANG_WARN_UNREACHABLE_CODE = YES;
				CLANG_WARN__DUPLICATE_METHOD_MATCH = YES;
				COPY_PHASE_STRIP = NO;
				DEBUG_INFORMATION_FORMAT = "dwarf-with-dsym";
				ENABLE_NS_ASSERTIONS = NO;
				ENABLE_STRICT_OBJC_MSGSEND = YES;
				ENABLE_USER_SCRIPT_SANDBOXING = YES;
				GCC_C_LANGUAGE_STANDARD = gnu17;
				GCC_NO_COMMON_BLOCKS = YES;
				GCC_WARN_64_TO_32_BIT_CONVERSION = YES;
				GCC_WARN_ABOUT_RETURN_TYPE = YES_ERROR;
				GCC_WARN_UNDECLARED_SELECTOR = YES;
				GCC_WARN_UNINITIALIZED_AUTOS = YES_AGGRESSIVE;
				GCC_WARN_UNUSED_FUNCTION = YES;
				GCC_WARN_UNUSED_VARIABLE = YES;
				IPHONEOS_DEPLOYMENT_TARGET = 17.0;
				LOCALIZATION_PREFERS_STRING_CATALOGS = YES;
				MTL_ENABLE_DEBUG_INFO = NO;
				MTL_FAST_MATH = YES;
				SDKROOT = iphoneos;
				SWIFT_COMPILATION_MODE = wholemodule;
				VALIDATE_PRODUCT = YES;
			};
			name = Release;
		};
		B80000231234567800000027 /* Debug */ = {
			isa = XCBuildConfiguration;
			buildSettings = {
				ASSETCATALOG_COMPILER_APPICON_NAME = AppIcon;
				ASSETCATALOG_COMPILER_GLOBAL_ACCENT_COLOR_NAME = AccentColor;
				CODE_SIGN_STYLE = Automatic;
				CURRENT_PROJECT_VERSION = 1;
				DEVELOPMENT_TEAM = "";
				GENERATE_INFOPLIST_FILE = YES;
				INFOPLIST_FILE = FreeriverFlow/Info.plist;
				INFOPLIST_KEY_CFBundleDisplayName = "Freeriver Flow";
				INFOPLIST_KEY_NSMicrophoneUsageDescription = "L'app ha bisogno del microfono per la registrazione vocale";
				INFOPLIST_KEY_NSSpeechRecognitionUsageDescription = "L'app usa il riconoscimento vocale per convertire la tua voce in testo";
				INFOPLIST_KEY_UIApplicationSceneManifest_Generation = YES;
				INFOPLIST_KEY_UIApplicationSupportsIndirectInputEvents = YES;
				INFOPLIST_KEY_UILaunchScreen_Generation = YES;
				INFOPLIST_KEY_UISupportedInterfaceOrientations_iPad = "UIInterfaceOrientationPortrait UIInterfaceOrientationPortraitUpsideDown UIInterfaceOrientationLandscapeLeft UIInterfaceOrientationLandscapeRight";
				INFOPLIST_KEY_UISupportedInterfaceOrientations_iPhone = "UIInterfaceOrientationPortrait UIInterfaceOrientationLandscapeLeft UIInterfaceOrientationLandscapeRight";
				LD_RUNPATH_SEARCH_PATHS = (
					"$(inherited)",
					"@executable_path/Frameworks",
				);
				MARKETING_VERSION = 1.0;
				PRODUCT_BUNDLE_IDENTIFIER = com.onde.freeriver.flow;
				PRODUCT_NAME = "$(TARGET_NAME)";
				SWIFT_EMIT_LOC_STRINGS = YES;
				SWIFT_VERSION = 5.0;
				TARGETED_DEVICE_FAMILY = "1,2";
			};
			name = Debug;
		};
		B80000241234567800000028 /* Release */ = {
			isa = XCBuildConfiguration;
			buildSettings = {
				ASSETCATALOG_COMPILER_APPICON_NAME = AppIcon;
				ASSETCATALOG_COMPILER_GLOBAL_ACCENT_COLOR_NAME = AccentColor;
				CODE_SIGN_STYLE = Automatic;
				CURRENT_PROJECT_VERSION = 1;
				DEVELOPMENT_TEAM = "";
				GENERATE_INFOPLIST_FILE = YES;
				INFOPLIST_FILE = FreeriverFlow/Info.plist;
				INFOPLIST_KEY_CFBundleDisplayName = "Freeriver Flow";
				INFOPLIST_KEY_NSMicrophoneUsageDescription = "L'app ha bisogno del microfono per la registrazione vocale";
				INFOPLIST_KEY_NSSpeechRecognitionUsageDescription = "L'app usa il riconoscimento vocale per convertire la tua voce in testo";
				INFOPLIST_KEY_UIApplicationSceneManifest_Generation = YES;
				INFOPLIST_KEY_UIApplicationSupportsIndirectInputEvents = YES;
				INFOPLIST_KEY_UILaunchScreen_Generation = YES;
				INFOPLIST_KEY_UISupportedInterfaceOrientations_iPad = "UIInterfaceOrientationPortrait UIInterfaceOrientationPortraitUpsideDown UIInterfaceOrientationLandscapeLeft UIInterfaceOrientationLandscapeRight";
				INFOPLIST_KEY_UISupportedInterfaceOrientations_iPhone = "UIInterfaceOrientationPortrait UIInterfaceOrientationLandscapeLeft UIInterfaceOrientationLandscapeRight";
				LD_RUNPATH_SEARCH_PATHS = (
					"$(inherited)",
					"@executable_path/Frameworks",
				);
				MARKETING_VERSION = 1.0;
				PRODUCT_BUNDLE_IDENTIFIER = com.onde.freeriver.flow;
				PRODUCT_NAME = "$(TARGET_NAME)";
				SWIFT_EMIT_LOC_STRINGS = YES;
				SWIFT_VERSION = 5.0;
				TARGETED_DEVICE_FAMILY = "1,2";
			};
			name = Release;
		};
/* End XCBuildConfiguration section */

/* Begin XCConfigurationList section */
		B80000201234567800000024 /* Build configuration list for PBXProject "FreeriverFlow" */ = {
			isa = XCConfigurationList;
			buildConfigurations = (
				B80000211234567800000025 /* Debug */,
				B80000221234567800000026 /* Release */,
			);
			defaultConfigurationIsVisible = 0;
			defaultConfigurationName = Release;
		};
		B800001C1234567800000020 /* Build configuration list for PBXNativeTarget "FreeriverFlow" */ = {
			isa = XCConfigurationList;
			buildConfigurations = (
				B80000231234567800000027 /* Debug */,
				B80000241234567800000028 /* Release */,
			);
			defaultConfigurationIsVisible = 0;
			defaultConfigurationName = Release;
		};
/* End XCConfigurationList section */
	};
	rootObject = B800001F1234567800000023 /* Project object */;
}
